
Microsoft Visual Studio Solution File, Format Version 11.00
# Visual Studio 2010
Project("{FAE04EC0-301F-11D3-BF4B-00C04F79EFBC}") = "Assembly-CSharp", "Assembly-CSharp.csproj", "{84c8890c-47eb-e56d-6142-03b7a6968039}"
EndProject
Project("{FAE04EC0-301F-11D3-BF4B-00C04F79EFBC}") = "Assembly-CSharp-Editor", "Assembly-CSharp-Editor.csproj", "{8e3d11ad-f923-a560-8b4b-9efb70247e61}"
EndProject
Global
	GlobalSection(SolutionConfigurationPlatforms) = preSolution
		Debug|Any CPU = Debug|Any CPU
	EndGlobalSection
	GlobalSection(ProjectConfigurationPlatforms) = postSolution
		{84c8890c-47eb-e56d-6142-03b7a6968039}.Debug|Any CPU.ActiveCfg = Debug|Any CPU
		{84c8890c-47eb-e56d-6142-03b7a6968039}.Debug|Any CPU.Build.0 = Debug|Any CPU
		{8e3d11ad-f923-a560-8b4b-9efb70247e61}.Debug|Any CPU.ActiveCfg = Debug|Any CPU
		{8e3d11ad-f923-a560-8b4b-9efb70247e61}.Debug|Any CPU.Build.0 = Debug|Any CPU
	EndGlobalSection
	GlobalSection(SolutionProperties) = preSolution
		HideSolutionNode = FALSE
	EndGlobalSection
EndGlobal
